
Microsoft Visual Studio Solution File, Format Version 12.00
# Visual Studio Version 17
VisualStudioVersion = 17.10.35013.160
MinimumVisualStudioVersion = 10.0.40219.1
Project("{9A19103F-16F7-4668-BE54-9A1E7A4F7556}") = "ImageJ.NET", "ImageJ.NET.csproj", "{57B2310D-EB6D-4C0F-BE48-583A253BD97B}"
EndProject
Global
	GlobalSection(SolutionConfigurationPlatforms) = preSolution
		Debug|Any CPU = Debug|Any CPU
		Release|Any CPU = Release|Any CPU
	EndGlobalSection
	GlobalSection(ProjectConfigurationPlatforms) = postSolution
		{57B2310D-EB6D-4C0F-BE48-583A253BD97B}.Debug|Any CPU.ActiveCfg = Debug|Any CPU
		{57B2310D-EB6D-4C0F-BE48-583A253BD97B}.Debug|Any CPU.Build.0 = Debug|Any CPU
		{57B2310D-EB6D-4C0F-BE48-583A253BD97B}.Release|Any CPU.ActiveCfg = Release|Any CPU
		{57B2310D-EB6D-4C0F-BE48-583A253BD97B}.Release|Any CPU.Build.0 = Release|Any CPU
	EndGlobalSection
	GlobalSection(SolutionProperties) = preSolution
		HideSolutionNode = FALSE
	EndGlobalSection
	GlobalSection(ExtensibilityGlobals) = postSolution
		SolutionGuid = {2938CF14-9715-4CEE-8BC9-83F3ED6CE2B2}
	EndGlobalSection
EndGlobal
